
Microsoft Visual Studio Solution File, Format Version 12.00
# Visual Studio Version 17
VisualStudioVersion = 17.5.33627.172
MinimumVisualStudioVersion = 10.0.40219.1
Project("{FAE04EC0-301F-11D3-BF4B-00C04F79EFBC}") = "Project.MVC", "Project.MVC\Project.MVC.csproj", "{8573E6D3-5F78-477A-B7A1-28A95103A32F}"
EndProject
Project("{FAE04EC0-301F-11D3-BF4B-00C04F79EFBC}") = "Entity", "Entity\Entity.csproj", "{DFB10672-8325-4066-9EDB-2C5C9B03CCEA}"
EndProject
Project("{FAE04EC0-301F-11D3-BF4B-00C04F79EFBC}") = "DataAccess", "DataAccess\DataAccess.csproj", "{A5D272B3-9C6F-42F6-B78D-A0AA0AAEE61E}"
EndProject
Global
	GlobalSection(SolutionConfigurationPlatforms) = preSolution
		Debug|Any CPU = Debug|Any CPU
		Release|Any CPU = Release|Any CPU
	EndGlobalSection
	GlobalSection(ProjectConfigurationPlatforms) = postSolution
		{8573E6D3-5F78-477A-B7A1-28A95103A32F}.Debug|Any CPU.ActiveCfg = Debug|Any CPU
		{8573E6D3-5F78-477A-B7A1-28A95103A32F}.Debug|Any CPU.Build.0 = Debug|Any CPU
		{8573E6D3-5F78-477A-B7A1-28A95103A32F}.Release|Any CPU.ActiveCfg = Release|Any CPU
		{8573E6D3-5F78-477A-B7A1-28A95103A32F}.Release|Any CPU.Build.0 = Release|Any CPU
		{DFB10672-8325-4066-9EDB-2C5C9B03CCEA}.Debug|Any CPU.ActiveCfg = Debug|Any CPU
		{DFB10672-8325-4066-9EDB-2C5C9B03CCEA}.Debug|Any CPU.Build.0 = Debug|Any CPU
		{DFB10672-8325-4066-9EDB-2C5C9B03CCEA}.Release|Any CPU.ActiveCfg = Release|Any CPU
		{DFB10672-8325-4066-9EDB-2C5C9B03CCEA}.Release|Any CPU.Build.0 = Release|Any CPU
		{A5D272B3-9C6F-42F6-B78D-A0AA0AAEE61E}.Debug|Any CPU.ActiveCfg = Debug|Any CPU
		{A5D272B3-9C6F-42F6-B78D-A0AA0AAEE61E}.Debug|Any CPU.Build.0 = Debug|Any CPU
		{A5D272B3-9C6F-42F6-B78D-A0AA0AAEE61E}.Release|Any CPU.ActiveCfg = Release|Any CPU
		{A5D272B3-9C6F-42F6-B78D-A0AA0AAEE61E}.Release|Any CPU.Build.0 = Release|Any CPU
	EndGlobalSection
	GlobalSection(SolutionProperties) = preSolution
		HideSolutionNode = FALSE
	EndGlobalSection
	GlobalSection(ExtensibilityGlobals) = postSolution
		SolutionGuid = {E948547F-5875-4C8C-9163-797E247F4839}
	EndGlobalSection
EndGlobal
